
Microsoft Visual Studio Solution File, Format Version 12.00
# Visual Studio Version 17
VisualStudioVersion = 17.11.35222.181
MinimumVisualStudioVersion = 10.0.40219.1
Project("{9A19103F-16F7-4668-BE54-9A1E7A4F7556}") = "DogViewer", "DogViewer\DogViewer.csproj", "{914D3A81-3C4A-4D5D-BBCD-35D226CD32CB}"
EndProject
Project("{2150E333-8FDC-42A3-9474-1A3956D46DE8}") = "Solution Items", "Solution Items", "{C0B76CF4-024D-4C03-8B49-C4AC04C5AABE}"
	ProjectSection(SolutionItems) = preProject
		.editorconfig = .editorconfig
	EndProjectSection
EndProject
Global
	GlobalSection(SolutionConfigurationPlatforms) = preSolution
		Debug|Any CPU = Debug|Any CPU
		Release|Any CPU = Release|Any CPU
	EndGlobalSection
	GlobalSection(ProjectConfigurationPlatforms) = postSolution
		{914D3A81-3C4A-4D5D-BBCD-35D226CD32CB}.Debug|Any CPU.ActiveCfg = Debug|Any CPU
		{914D3A81-3C4A-4D5D-BBCD-35D226CD32CB}.Debug|Any CPU.Build.0 = Debug|Any CPU
		{914D3A81-3C4A-4D5D-BBCD-35D226CD32CB}.Debug|Any CPU.Deploy.0 = Debug|Any CPU
		{914D3A81-3C4A-4D5D-BBCD-35D226CD32CB}.Release|Any CPU.ActiveCfg = Release|Any CPU
		{914D3A81-3C4A-4D5D-BBCD-35D226CD32CB}.Release|Any CPU.Build.0 = Release|Any CPU
		{914D3A81-3C4A-4D5D-BBCD-35D226CD32CB}.Release|Any CPU.Deploy.0 = Release|Any CPU
	EndGlobalSection
	GlobalSection(SolutionProperties) = preSolution
		HideSolutionNode = FALSE
	EndGlobalSection
	GlobalSection(ExtensibilityGlobals) = postSolution
		SolutionGuid = {1A4A6ED4-2986-490D-8570-47DD31D783F2}
	EndGlobalSection
EndGlobal
